<?xml version="1.0" encoding="utf-8"?>
<Project ToolsVersion="4.0" xmlns="http://schemas.microsoft.com/developer/msbuild/2003">
  <ItemGroup>
    <Filter Include="Header Files">
      <UniqueIdentifier>{93995380-89BD-4b04-88EB-625FBE52EBFB}</UniqueIdentifier>
      <Extensions>h;hh;hpp;hxx;h++;hm;inl;inc;ipp;xsd</Extensions>
    </Filter>
    <Filter Include="Source Files">
      <UniqueIdentifier>{4FC737F1-C7A5-4376-A066-2A32D752A2FF}</UniqueIdentifier>
      <Extensions>cpp;c;cc;cxx;c++;cppm;ixx;def;odl;idl;hpj;bat;asm;asmx</Extensions>
    </Filter>
    <Filter Include="Source Files\Pieces">
      <UniqueIdentifier>{8949052d-709b-4e90-9063-2d1354e7fa57}</UniqueIdentifier>
    </Filter>
    <Filter Include="Header Files\Pieces">
      <UniqueIdentifier>{1d7918df-9934-4ca8-8af6-c78ec979028c}</UniqueIdentifier>
    </Filter>
    <Filter Include="Source Files\Utility">
      <UniqueIdentifier>{7b8f4f07-94d3-4391-a910-001c75634e89}</UniqueIdentifier>
    </Filter>
    <Filter Include="Header Files\Utility">
      <UniqueIdentifier>{d714f28c-ec76-46ac-81dc-600f3d0e62d8}</UniqueIdentifier>
    </Filter>
    <Filter Include="Source Files\Board">
      <UniqueIdentifier>{4ad66b32-8def-4b05-8534-5da1a5ddac5a}</UniqueIdentifier>
    </Filter>
    <Filter Include="Source Files\Misc">
      <UniqueIdentifier>{b4122fa1-ef17-4b08-8f0d-fe2295fd16ee}</UniqueIdentifier>
    </Filter>
    <Filter Include="Header Files\Misc">
      <UniqueIdentifier>{b118493a-c143-4be5-b0f2-8d06db539408}</UniqueIdentifier>
    </Filter>
  </ItemGroup>
  <ItemGroup>
    <ClCompile Include="Bishop.cpp">
      <Filter>Source Files\Pieces</Filter>
    </ClCompile>
    <ClCompile Include="King.cpp">
      <Filter>Source Files\Pieces</Filter>
    </ClCompile>
    <ClCompile Include="Queen.cpp">
      <Filter>Source Files\Pieces</Filter>
    </ClCompile>
    <ClCompile Include="Knight.cpp">
      <Filter>Source Files\Pieces</Filter>
    </ClCompile>
    <ClCompile Include="Pawn.cpp">
      <Filter>Source Files\Pieces</Filter>
    </ClCompile>
    <ClCompile Include="Rook.cpp">
      <Filter>Source Files\Pieces</Filter>
    </ClCompile>
    <ClCompile Include="Piece.cpp">
      <Filter>Source Files</Filter>
    </ClCompile>
    <ClCompile Include="ChessUtil.cpp">
      <Filter>Source Files\Utility</Filter>
    </ClCompile>
    <ClCompile Include="ChessStructs.cpp">
      <Filter>Source Files\Utility</Filter>
    </ClCompile>
    <ClCompile Include="Board.cpp">
      <Filter>Source Files</Filter>
    </ClCompile>
    <ClCompile Include="B_Interface.cpp">
      <Filter>Source Files\Board</Filter>
    </ClCompile>
    <ClCompile Include="B_Utility.cpp">
      <Filter>Source Files\Board</Filter>
    </ClCompile>
    <ClCompile Include="B_Update.cpp">
      <Filter>Source Files\Board</Filter>
    </ClCompile>
    <ClCompile Include="Main.cpp">
      <Filter>Source Files</Filter>
    </ClCompile>
    <ClCompile Include="Stockfish.cpp">
      <Filter>Source Files\Misc</Filter>
    </ClCompile>
    <ClCompile Include="HSV.cpp">
      <Filter>Source Files\Misc</Filter>
    </ClCompile>
    <ClCompile Include="B_Logic.cpp">
      <Filter>Source Files\Board</Filter>
    </ClCompile>
  </ItemGroup>
  <ItemGroup>
    <ClInclude Include="Main.h">
      <Filter>Header Files</Filter>
    </ClInclude>
    <ClInclude Include="Piece.h">
      <Filter>Header Files</Filter>
    </ClInclude>
    <ClInclude Include="Bishop.h">
      <Filter>Header Files\Pieces</Filter>
    </ClInclude>
    <ClInclude Include="King.h">
      <Filter>Header Files\Pieces</Filter>
    </ClInclude>
    <ClInclude Include="Knight.h">
      <Filter>Header Files\Pieces</Filter>
    </ClInclude>
    <ClInclude Include="Pawn.h">
      <Filter>Header Files\Pieces</Filter>
    </ClInclude>
    <ClInclude Include="Queen.h">
      <Filter>Header Files\Pieces</Filter>
    </ClInclude>
    <ClInclude Include="Rook.h">
      <Filter>Header Files\Pieces</Filter>
    </ClInclude>
    <ClInclude Include="Board.h">
      <Filter>Header Files</Filter>
    </ClInclude>
    <ClInclude Include="ChessUtil.h">
      <Filter>Header Files\Utility</Filter>
    </ClInclude>
    <ClInclude Include="HSV.h">
      <Filter>Header Files\Misc</Filter>
    </ClInclude>
    <ClInclude Include="Stockfish.h">
      <Filter>Header Files\Misc</Filter>
    </ClInclude>
    <ClInclude Include="ChessStructs.h">
      <Filter>Header Files\Utility</Filter>
    </ClInclude>
  </ItemGroup>
</Project>